
Microsoft Visual Studio Solution File, Format Version 12.00
# Visual Studio Version 17
VisualStudioVersion = 17.2.32602.215
MinimumVisualStudioVersion = 10.0.40219.1
Project("{9A19103F-16F7-4668-BE54-9A1E7A4F7556}") = "OnlineCafe.API", "OnlineCafe.API\OnlineCafe.API.csproj", "{31320586-18C1-4B29-A982-C8A4701355FC}"
EndProject
Project("{9A19103F-16F7-4668-BE54-9A1E7A4F7556}") = "OnlineCafe.Entities", "OnlineCafe.Entities\OnlineCafe.Entities.csproj", "{8566B1F8-A5D9-4168-9603-5EBB4070AFE0}"
EndProject
Project("{9A19103F-16F7-4668-BE54-9A1E7A4F7556}") = "OnlineCafe.DB", "OnlineCafe.DB\OnlineCafe.DB.csproj", "{54C1DD24-3AA5-4BB8-9BBE-D4A4B386A2DE}"
EndProject
Project("{FAE04EC0-301F-11D3-BF4B-00C04F79EFBC}") = "OnlineCafe.Services", "OnlineCafe.Services\OnlineCafe.Services.csproj", "{300A95AF-3FCE-4F7A-8AC6-697EBDC146FA}"
EndProject
Global
	GlobalSection(SolutionConfigurationPlatforms) = preSolution
		Debug|Any CPU = Debug|Any CPU
		Release|Any CPU = Release|Any CPU
	EndGlobalSection
	GlobalSection(ProjectConfigurationPlatforms) = postSolution
		{31320586-18C1-4B29-A982-C8A4701355FC}.Debug|Any CPU.ActiveCfg = Debug|Any CPU
		{31320586-18C1-4B29-A982-C8A4701355FC}.Debug|Any CPU.Build.0 = Debug|Any CPU
		{31320586-18C1-4B29-A982-C8A4701355FC}.Release|Any CPU.ActiveCfg = Release|Any CPU
		{31320586-18C1-4B29-A982-C8A4701355FC}.Release|Any CPU.Build.0 = Release|Any CPU
		{8566B1F8-A5D9-4168-9603-5EBB4070AFE0}.Debug|Any CPU.ActiveCfg = Debug|Any CPU
		{8566B1F8-A5D9-4168-9603-5EBB4070AFE0}.Debug|Any CPU.Build.0 = Debug|Any CPU
		{8566B1F8-A5D9-4168-9603-5EBB4070AFE0}.Release|Any CPU.ActiveCfg = Release|Any CPU
		{8566B1F8-A5D9-4168-9603-5EBB4070AFE0}.Release|Any CPU.Build.0 = Release|Any CPU
		{54C1DD24-3AA5-4BB8-9BBE-D4A4B386A2DE}.Debug|Any CPU.ActiveCfg = Debug|Any CPU
		{54C1DD24-3AA5-4BB8-9BBE-D4A4B386A2DE}.Debug|Any CPU.Build.0 = Debug|Any CPU
		{54C1DD24-3AA5-4BB8-9BBE-D4A4B386A2DE}.Release|Any CPU.ActiveCfg = Release|Any CPU
		{54C1DD24-3AA5-4BB8-9BBE-D4A4B386A2DE}.Release|Any CPU.Build.0 = Release|Any CPU
		{300A95AF-3FCE-4F7A-8AC6-697EBDC146FA}.Debug|Any CPU.ActiveCfg = Debug|Any CPU
		{300A95AF-3FCE-4F7A-8AC6-697EBDC146FA}.Debug|Any CPU.Build.0 = Debug|Any CPU
		{300A95AF-3FCE-4F7A-8AC6-697EBDC146FA}.Release|Any CPU.ActiveCfg = Release|Any CPU
		{300A95AF-3FCE-4F7A-8AC6-697EBDC146FA}.Release|Any CPU.Build.0 = Release|Any CPU
	EndGlobalSection
	GlobalSection(SolutionProperties) = preSolution
		HideSolutionNode = FALSE
	EndGlobalSection
	GlobalSection(ExtensibilityGlobals) = postSolution
		SolutionGuid = {2284D7EB-8DF5-4194-B403-B1AE7EFADEEC}
	EndGlobalSection
EndGlobal
